
Microsoft Visual Studio Solution File, Format Version 12.00
# Visual Studio Version 17
VisualStudioVersion = 17.0.32014.148
MinimumVisualStudioVersion = 10.0.40219.1
Project("{8BC9CEB8-8B4A-11D0-8D11-00A0C91BC942}") = "PRIMEROSE_UI", "PRIMEROSE_UI\PRIMEROSE_UI.vcxproj", "{27CDBB51-5654-43BF-AD67-E69B622A0E18}"
EndProject
Global
	GlobalSection(SolutionConfigurationPlatforms) = preSolution
		Debug|x64 = Debug|x64
		Debug|x86 = Debug|x86
		Release|x64 = Release|x64
		Release|x86 = Release|x86
	EndGlobalSection
	GlobalSection(ProjectConfigurationPlatforms) = postSolution
		{27CDBB51-5654-43BF-AD67-E69B622A0E18}.Debug|x64.ActiveCfg = Debug|x64
		{27CDBB51-5654-43BF-AD67-E69B622A0E18}.Debug|x64.Build.0 = Debug|x64
		{27CDBB51-5654-43BF-AD67-E69B622A0E18}.Debug|x86.ActiveCfg = Debug|Win32
		{27CDBB51-5654-43BF-AD67-E69B622A0E18}.Debug|x86.Build.0 = Debug|Win32
		{27CDBB51-5654-43BF-AD67-E69B622A0E18}.Release|x64.ActiveCfg = Release|x64
		{27CDBB51-5654-43BF-AD67-E69B622A0E18}.Release|x64.Build.0 = Release|x64
		{27CDBB51-5654-43BF-AD67-E69B622A0E18}.Release|x86.ActiveCfg = Release|Win32
		{27CDBB51-5654-43BF-AD67-E69B622A0E18}.Release|x86.Build.0 = Release|Win32
	EndGlobalSection
	GlobalSection(SolutionProperties) = preSolution
		HideSolutionNode = FALSE
	EndGlobalSection
	GlobalSection(ExtensibilityGlobals) = postSolution
		SolutionGuid = {C7178C8C-27D4-47AF-9AFE-48929EBA9D3F}
	EndGlobalSection
EndGlobal
